
Microsoft Visual Studio Solution File, Format Version 12.00
# Visual Studio 15
VisualStudioVersion = 15.0.27703.2042
MinimumVisualStudioVersion = 10.0.40219.1
Project("{FAE04EC0-301F-11D3-BF4B-00C04F79EFBC}") = "My_Project1", "My_Project1.csproj", "{E8DD4EB8-35F6-40B2-8B3A-564FB47DEDB3}"
EndProject
Global
	GlobalSection(SolutionConfigurationPlatforms) = preSolution
		Debug|Any CPU = Debug|Any CPU
		Release|Any CPU = Release|Any CPU
	EndGlobalSection
	GlobalSection(ProjectConfigurationPlatforms) = postSolution
		{E8DD4EB8-35F6-40B2-8B3A-564FB47DEDB3}.Debug|Any CPU.ActiveCfg = Debug|Any CPU
		{E8DD4EB8-35F6-40B2-8B3A-564FB47DEDB3}.Debug|Any CPU.Build.0 = Debug|Any CPU
		{E8DD4EB8-35F6-40B2-8B3A-564FB47DEDB3}.Release|Any CPU.ActiveCfg = Release|Any CPU
		{E8DD4EB8-35F6-40B2-8B3A-564FB47DEDB3}.Release|Any CPU.Build.0 = Release|Any CPU
	EndGlobalSection
	GlobalSection(SolutionProperties) = preSolution
		HideSolutionNode = FALSE
	EndGlobalSection
	GlobalSection(ExtensibilityGlobals) = postSolution
		SolutionGuid = {A14B6D8D-933D-4CC3-B292-3DAC1847AE3F}
	EndGlobalSection
EndGlobal
